
Microsoft Visual Studio Solution File, Format Version 12.00
# Visual Studio Version 17
VisualStudioVersion = 17.7.34031.279
MinimumVisualStudioVersion = 10.0.40219.1
Project("{FAE04EC0-301F-11D3-BF4B-00C04F79EFBC}") = "WindowsFormsApp7", "WindowsFormsApp7\WindowsFormsApp7.csproj", "{658078C3-9E00-4117-8336-DFFF36B674EA}"
EndProject
Global
	GlobalSection(SolutionConfigurationPlatforms) = preSolution
		Debug|Any CPU = Debug|Any CPU
		Release|Any CPU = Release|Any CPU
	EndGlobalSection
	GlobalSection(ProjectConfigurationPlatforms) = postSolution
		{658078C3-9E00-4117-8336-DFFF36B674EA}.Debug|Any CPU.ActiveCfg = Debug|Any CPU
		{658078C3-9E00-4117-8336-DFFF36B674EA}.Debug|Any CPU.Build.0 = Debug|Any CPU
		{658078C3-9E00-4117-8336-DFFF36B674EA}.Release|Any CPU.ActiveCfg = Release|Any CPU
		{658078C3-9E00-4117-8336-DFFF36B674EA}.Release|Any CPU.Build.0 = Release|Any CPU
	EndGlobalSection
	GlobalSection(SolutionProperties) = preSolution
		HideSolutionNode = FALSE
	EndGlobalSection
	GlobalSection(ExtensibilityGlobals) = postSolution
		SolutionGuid = {66302767-9620-4BD8-9C3E-B45B9D265E07}
	EndGlobalSection
EndGlobal
